{
  "name": "secure-configurations",
  "version": "1.0.0",
  "lockfileVersion": 1,
  "requires": true,
  "dependencies": {
    },
    },
      "dev": true,
      "requires": {
      }
    },
      "dev": true,
      "requires": {
      }
    },
    },
      "dev": true,
      "requires": {
      }
    },
      "dev": true
    },
    },
      "dev": true,
      "requires": {
      }
    },
      "dev": true,
      "requires": {
      }
    },
      "dev": true
    },
      "dev": true,
      "requires": {
      }
    },
    },
      "dev": true
    },
    },
    },
      "dev": true
    },
      "dev": true
    },
      "version": "3.0.0",
      "dev": true,
      "requires": {
      }
    },
    },
      "dev": true
    },
      "dev": true,
      "requires": {
      }
    },
      "dev": true
    },
      "dev": true,
      "requires": {
      }
    },
      "dev": true,
      "requires": {
      },
      "dependencies": {
          "dev": true,
          "requires": {
          }
        },
        }
      }
    },
      "dev": true
    },
      "dev": true
    },
      "dev": true
    },
      "dev": true
    },
      "version": "2.0.0",
      "dev": true
    },
      "dev": true
    },
      "version": "5.0.0",
      "dev": true,
      "requires": {
      }
    },
      "dev": true
    },
      "dev": true
    },
      "dev": true,
      "requires": {
      },
      "dependencies": {
          "dev": true
        }
      }
    },
      "dev": true,
      "requires": {
      }
    },
      "dev": true,
      "requires": {
      },
      "dependencies": {
          "dev": true
        }
      }
    },
      "dev": true,
      "requires": {
      },
      "dependencies": {
        "semver": {
          "version": "5.7.1",
          "resolved": "https://registry.npmjs.org/semver/-/semver-5.7.1.tgz",
          "integrity": "sha512-sauaDf/PZdVgrLTNYHRtpXa1iRiKcaebiKQ1BJdpQlWH2lCvexQdX55snPFyK7QzpudqbCI0qXFfOasHdyNDGQ==",
          "dev": true
        }
      }
    },
      "dev": true
    },
      "dev": true,
      "requires": {
      }
    },
      "dev": true
    },
    },
      "dev": true,
      "requires": {
      }
    },
      "dev": true,
      "requires": {
      }
    },
      "dev": true,
      "requires": {
      }
    },
      "dev": true
    },
    },
      "dev": true,
      "requires": {
      "version": "2.0.1",
    },
      "dev": true,
      "requires": {
      }
    },
      "dev": true,
      "requires": {
      }
    },
      "dev": true,
      "requires": {
      },
      "dependencies": {
          "dev": true
        }
      }
    },
    },
    },
    },
      "dev": true,
      "requires": {
      }
    },
      "dev": true,
      "requires": {
      },
      "dependencies": {
          "dev": true
        }
      }
    },
      "dev": true,
      "requires": {
      }
    },
      "dev": true,
      "requires": {
      }
    },
    },
      "dev": true,
      "requires": {
      }
    },
      "version": "2.0.0",
      "dev": true,
      "requires": {
      }
    },
      "dev": true,
      "requires": {
      },
      "dependencies": {
          "dev": true,
          "requires": {
          }
        }
      }
    },
      "dev": true,
      "requires": {
      }
    },
      "dev": true
    },
    },
      "dev": true
    },
      "dev": true,
      "requires": {
      },
      "dependencies": {
          "version": "3.0.0",
        },
          "dev": true,
          "requires": {
          }
        },
          "dev": true,
          "requires": {
          }
        }
      }
    },
    }
  }
}
